
Microsoft Visual Studio Solution File, Format Version 12.00
# Visual Studio Version 16
VisualStudioVersion = 16.0.30413.136
MinimumVisualStudioVersion = 10.0.40219.1
Project("{F184B08F-C81C-45F6-A57F-5ABD9991F28F}") = "Copnstructor Test", "Copnstructor Test\Copnstructor Test.vbproj", "{718C490D-BC76-4FBB-9CD6-55E840123508}"
EndProject
Global
	GlobalSection(SolutionConfigurationPlatforms) = preSolution
		Debug|Any CPU = Debug|Any CPU
		Release|Any CPU = Release|Any CPU
	EndGlobalSection
	GlobalSection(ProjectConfigurationPlatforms) = postSolution
		{718C490D-BC76-4FBB-9CD6-55E840123508}.Debug|Any CPU.ActiveCfg = Debug|Any CPU
		{718C490D-BC76-4FBB-9CD6-55E840123508}.Debug|Any CPU.Build.0 = Debug|Any CPU
		{718C490D-BC76-4FBB-9CD6-55E840123508}.Release|Any CPU.ActiveCfg = Release|Any CPU
		{718C490D-BC76-4FBB-9CD6-55E840123508}.Release|Any CPU.Build.0 = Release|Any CPU
	EndGlobalSection
	GlobalSection(SolutionProperties) = preSolution
		HideSolutionNode = FALSE
	EndGlobalSection
	GlobalSection(ExtensibilityGlobals) = postSolution
		SolutionGuid = {5A5F7DEA-53B4-44DF-8C3B-3BFBF126891C}
	EndGlobalSection
EndGlobal
